Microsoft Visual Studio Solution File, Format Version 11.00
# Visual Studio 2008

Project("{B06AA260-E841-C9D5-5066-EAA01050EDFB}") = "Lab", "Assembly-CSharp-firstpass.csproj", "{17A67D1B-07DC-F85C-65D4-C84DAAF91A00}"
EndProject
Project("{B06AA260-E841-C9D5-5066-EAA01050EDFB}") = "Lab", "Assembly-CSharp.csproj", "{02A77FE8-0D5A-5B32-303D-7824C54DFFF4}"
EndProject
Project("{B06AA260-E841-C9D5-5066-EAA01050EDFB}") = "Lab", "Assembly-CSharp-Editor.csproj", "{1A5921F1-1031-9E23-C74D-FF19BEB0DDE3}"
EndProject
Project("{B06AA260-E841-C9D5-5066-EAA01050EDFB}") = "Lab", "Assembly-UnityScript-firstpass.unityproj", "{426EA971-A917-C870-8E3D-63DD7CB18420}"
EndProject
Project("{B06AA260-E841-C9D5-5066-EAA01050EDFB}") = "Lab", "Assembly-UnityScript.unityproj", "{A84DA1B2-914B-C392-D386-CC906FD15BC2}"
EndProject
Global
	GlobalSection(SolutionConfigurationPlatforms) = preSolution
		Debug|Any CPU = Debug|Any CPU
		Release|Any CPU = Release|Any CPU
	EndGlobalSection
	GlobalSection(ProjectConfigurationPlatforms) = postSolution
		{17A67D1B-07DC-F85C-65D4-C84DAAF91A00}.Debug|Any CPU.ActiveCfg = Debug|Any CPU
		{17A67D1B-07DC-F85C-65D4-C84DAAF91A00}.Debug|Any CPU.Build.0 = Debug|Any CPU
		{17A67D1B-07DC-F85C-65D4-C84DAAF91A00}.Release|Any CPU.ActiveCfg = Release|Any CPU
		{17A67D1B-07DC-F85C-65D4-C84DAAF91A00}.Release|Any CPU.Build.0 = Release|Any CPU
		{02A77FE8-0D5A-5B32-303D-7824C54DFFF4}.Debug|Any CPU.ActiveCfg = Debug|Any CPU
		{02A77FE8-0D5A-5B32-303D-7824C54DFFF4}.Debug|Any CPU.Build.0 = Debug|Any CPU
		{02A77FE8-0D5A-5B32-303D-7824C54DFFF4}.Release|Any CPU.ActiveCfg = Release|Any CPU
		{02A77FE8-0D5A-5B32-303D-7824C54DFFF4}.Release|Any CPU.Build.0 = Release|Any CPU
		{1A5921F1-1031-9E23-C74D-FF19BEB0DDE3}.Debug|Any CPU.ActiveCfg = Debug|Any CPU
		{1A5921F1-1031-9E23-C74D-FF19BEB0DDE3}.Debug|Any CPU.Build.0 = Debug|Any CPU
		{1A5921F1-1031-9E23-C74D-FF19BEB0DDE3}.Release|Any CPU.ActiveCfg = Release|Any CPU
		{1A5921F1-1031-9E23-C74D-FF19BEB0DDE3}.Release|Any CPU.Build.0 = Release|Any CPU
		{426EA971-A917-C870-8E3D-63DD7CB18420}.Debug|Any CPU.ActiveCfg = Debug|Any CPU
		{426EA971-A917-C870-8E3D-63DD7CB18420}.Debug|Any CPU.Build.0 = Debug|Any CPU
		{426EA971-A917-C870-8E3D-63DD7CB18420}.Release|Any CPU.ActiveCfg = Release|Any CPU
		{426EA971-A917-C870-8E3D-63DD7CB18420}.Release|Any CPU.Build.0 = Release|Any CPU
		{A84DA1B2-914B-C392-D386-CC906FD15BC2}.Debug|Any CPU.ActiveCfg = Debug|Any CPU
		{A84DA1B2-914B-C392-D386-CC906FD15BC2}.Debug|Any CPU.Build.0 = Debug|Any CPU
		{A84DA1B2-914B-C392-D386-CC906FD15BC2}.Release|Any CPU.ActiveCfg = Release|Any CPU
		{A84DA1B2-914B-C392-D386-CC906FD15BC2}.Release|Any CPU.Build.0 = Release|Any CPU
	EndGlobalSection
	GlobalSection(SolutionProperties) = preSolution
		HideSolutionNode = FALSE
	EndGlobalSection
							GlobalSection(MonoDevelopProperties) = preSolution
		StartupItem = Assembly-CSharp.csproj
		Policies = $0
		$0.TextStylePolicy = $1
		$1.inheritsSet = null
		$1.scope = text/x-csharp
		$0.CSharpFormattingPolicy = $2
		$2.inheritsSet = Mono
		$2.inheritsScope = text/x-csharp
		$2.scope = text/x-csharp
		$0.TextStylePolicy = $3
		$3.FileWidth = 120
		$3.TabWidth = 4
		$3.IndentWidth = 4
		$3.EolMarker = Unix
		$3.inheritsSet = Mono
		$3.inheritsScope = text/plain
		$3.scope = text/plain
	EndGlobalSection

EndGlobal
